
Microsoft Visual Studio Solution File, Format Version 12.00
# Visual Studio 15
VisualStudioVersion = 15.0.28307.329
MinimumVisualStudioVersion = 10.0.40219.1
Project("{FAE04EC0-301F-11D3-BF4B-00C04F79EFBC}") = "Manager_QueensOfRock", "Manager_QueensOfRock\Manager_QueensOfRock.csproj", "{12733B12-6996-43A2-AD74-DAB9B65F00A7}"
EndProject
Global
	GlobalSection(SolutionConfigurationPlatforms) = preSolution
		Debug|Any CPU = Debug|Any CPU
		Release|Any CPU = Release|Any CPU
	EndGlobalSection
	GlobalSection(ProjectConfigurationPlatforms) = postSolution
		{12733B12-6996-43A2-AD74-DAB9B65F00A7}.Debug|Any CPU.ActiveCfg = Debug|Any CPU
		{12733B12-6996-43A2-AD74-DAB9B65F00A7}.Debug|Any CPU.Build.0 = Debug|Any CPU
		{12733B12-6996-43A2-AD74-DAB9B65F00A7}.Release|Any CPU.ActiveCfg = Release|Any CPU
		{12733B12-6996-43A2-AD74-DAB9B65F00A7}.Release|Any CPU.Build.0 = Release|Any CPU
	EndGlobalSection
	GlobalSection(SolutionProperties) = preSolution
		HideSolutionNode = FALSE
	EndGlobalSection
	GlobalSection(ExtensibilityGlobals) = postSolution
		SolutionGuid = {4EC2A4BD-7907-4BAD-9377-00B6E6B2ACDC}
	EndGlobalSection
EndGlobal
